
Microsoft Visual Studio Solution File, Format Version 12.00
# Visual Studio Version 17
VisualStudioVersion = 17.1.32210.238
MinimumVisualStudioVersion = 10.0.40219.1
Project("{FAE04EC0-301F-11D3-BF4B-00C04F79EFBC}") = "ASP-dotNET6-WebAPI-Template", "ASP-dotNET6-WebAPI-Template\ASP-dotNET6-WebAPI-Template.csproj", "{472EE754-5EA8-4E57-A817-6E0806A1FB42}"
EndProject
Global
	GlobalSection(SolutionConfigurationPlatforms) = preSolution
		Debug|Any CPU = Debug|Any CPU
		Release|Any CPU = Release|Any CPU
	EndGlobalSection
	GlobalSection(ProjectConfigurationPlatforms) = postSolution
		{472EE754-5EA8-4E57-A817-6E0806A1FB42}.Debug|Any CPU.ActiveCfg = Debug|Any CPU
		{472EE754-5EA8-4E57-A817-6E0806A1FB42}.Debug|Any CPU.Build.0 = Debug|Any CPU
		{472EE754-5EA8-4E57-A817-6E0806A1FB42}.Release|Any CPU.ActiveCfg = Release|Any CPU
		{472EE754-5EA8-4E57-A817-6E0806A1FB42}.Release|Any CPU.Build.0 = Release|Any CPU
	EndGlobalSection
	GlobalSection(SolutionProperties) = preSolution
		HideSolutionNode = FALSE
	EndGlobalSection
	GlobalSection(ExtensibilityGlobals) = postSolution
		SolutionGuid = {9C6785C9-0B7B-4EE9-A310-6C293D5C0D78}
	EndGlobalSection
EndGlobal
